
Microsoft Visual Studio Solution File, Format Version 12.00
# Visual Studio Version 17
VisualStudioVersion = 17.11.35222.181
MinimumVisualStudioVersion = 10.0.40219.1
Project("{8BC9CEB8-8B4A-11D0-8D11-00A0C91BC942}") = "Main", "Main\Main.vcxproj", "{DD155850-DB51-4A8B-AFF6-57B0B39DEE8C}"
EndProject
Global
	GlobalSection(SolutionConfigurationPlatforms) = preSolution
		Debug|x64 = Debug|x64
		Debug|x86 = Debug|x86
		Release|x64 = Release|x64
		Release|x86 = Release|x86
	EndGlobalSection
	GlobalSection(ProjectConfigurationPlatforms) = postSolution
		{DD155850-DB51-4A8B-AFF6-57B0B39DEE8C}.Debug|x64.ActiveCfg = Debug|x64
		{DD155850-DB51-4A8B-AFF6-57B0B39DEE8C}.Debug|x64.Build.0 = Debug|x64
		{DD155850-DB51-4A8B-AFF6-57B0B39DEE8C}.Debug|x86.ActiveCfg = Debug|Win32
		{DD155850-DB51-4A8B-AFF6-57B0B39DEE8C}.Debug|x86.Build.0 = Debug|Win32
		{DD155850-DB51-4A8B-AFF6-57B0B39DEE8C}.Release|x64.ActiveCfg = Release|x64
		{DD155850-DB51-4A8B-AFF6-57B0B39DEE8C}.Release|x64.Build.0 = Release|x64
		{DD155850-DB51-4A8B-AFF6-57B0B39DEE8C}.Release|x86.ActiveCfg = Release|Win32
		{DD155850-DB51-4A8B-AFF6-57B0B39DEE8C}.Release|x86.Build.0 = Release|Win32
	EndGlobalSection
	GlobalSection(SolutionProperties) = preSolution
		HideSolutionNode = FALSE
	EndGlobalSection
	GlobalSection(ExtensibilityGlobals) = postSolution
		SolutionGuid = {A122F497-5971-4D59-8E05-581EF94A60D4}
	EndGlobalSection
EndGlobal
