Microsoft Visual Studio Solution File, Format Version 12.00
# Visual Studio Version 17
VisualStudioVersion = 17.5.2.0
MinimumVisualStudioVersion = 10.0.40219.1
Project("{FAE04EC0-301F-11D3-BF4B-00C04F79EFBC}") = "lab2", "lab2.csproj", "{1B00A159-F0B3-75BC-79AF-57F45C378AF5}"
EndProject
Global
	GlobalSection(SolutionConfigurationPlatforms) = preSolution
		Debug|Any CPU = Debug|Any CPU
		Release|Any CPU = Release|Any CPU
	EndGlobalSection
	GlobalSection(ProjectConfigurationPlatforms) = postSolution
		{1B00A159-F0B3-75BC-79AF-57F45C378AF5}.Debug|Any CPU.ActiveCfg = Debug|Any CPU
		{1B00A159-F0B3-75BC-79AF-57F45C378AF5}.Debug|Any CPU.Build.0 = Debug|Any CPU
		{1B00A159-F0B3-75BC-79AF-57F45C378AF5}.Release|Any CPU.ActiveCfg = Release|Any CPU
		{1B00A159-F0B3-75BC-79AF-57F45C378AF5}.Release|Any CPU.Build.0 = Release|Any CPU
	EndGlobalSection
	GlobalSection(SolutionProperties) = preSolution
		HideSolutionNode = FALSE
	EndGlobalSection
	GlobalSection(ExtensibilityGlobals) = postSolution
		SolutionGuid = {62CAD5DD-9EB7-4F16-ACB5-6D5C7092BDAB}
	EndGlobalSection
EndGlobal
